
Microsoft Visual Studio Solution File, Format Version 12.00
# Visual Studio Version 16
VisualStudioVersion = 16.0.31829.152
MinimumVisualStudioVersion = 10.0.40219.1
Project("{FAE04EC0-301F-11D3-BF4B-00C04F79EFBC}") = "ConsoleApp1", "ConsoleApp1.csproj", "{30E37CF1-15DE-47DD-9AB4-D0651C5CB90E}"
EndProject
Global
	GlobalSection(SolutionConfigurationPlatforms) = preSolution
		Debug|Any CPU = Debug|Any CPU
		Release|Any CPU = Release|Any CPU
	EndGlobalSection
	GlobalSection(ProjectConfigurationPlatforms) = postSolution
		{30E37CF1-15DE-47DD-9AB4-D0651C5CB90E}.Debug|Any CPU.ActiveCfg = Debug|Any CPU
		{30E37CF1-15DE-47DD-9AB4-D0651C5CB90E}.Debug|Any CPU.Build.0 = Debug|Any CPU
		{30E37CF1-15DE-47DD-9AB4-D0651C5CB90E}.Release|Any CPU.ActiveCfg = Release|Any CPU
		{30E37CF1-15DE-47DD-9AB4-D0651C5CB90E}.Release|Any CPU.Build.0 = Release|Any CPU
	EndGlobalSection
	GlobalSection(SolutionProperties) = preSolution
		HideSolutionNode = FALSE
	EndGlobalSection
	GlobalSection(ExtensibilityGlobals) = postSolution
		SolutionGuid = {25BF96EE-55D9-404C-8D9A-F3E5C7805234}
	EndGlobalSection
EndGlobal
